{
  "version": 4,
  "terraform_version": "1.5.4",
  "serial": 7,
  "lineage": "69c3df01-57bf-b2e3-060f-2dc615a56bc2",
  "outputs": {},
  "resources": [
    {
      "mode": "data",
      "type": "azurerm_resource_group",
      "name": "rg",
      "provider": "provider[\"registry.terraform.io/hashicorp/azurerm\"]",
      "instances": [
        {
          "schema_version": 0,
          "attributes": {
            "id": "/subscriptions/7536f21c-9cd9-42a0-b69b-2074948f1cdb/resourceGroups/rg-falmada",
            "location": "westus",
            "managed_by": "",
            "name": "rg-falmada",
            "tags": {
              "BusinessCostCenter": "516-800-80182",
              "BusinessSponsor": "Digital Engineering - Michael Chow",
              "Environment": "Sandbox",
              "GroupEmail": "Unknown",
              "ProductName": "Unknown",
              "ProjectLead": "Michael Chow",
              "ServiceName": "Unknown",
              "Uptime": "Unknown",
              "compliance": "Unknown"
            },
            "timeouts": null
          },
          "sensitive_attributes": []
        }
      ]
    },
    {
      "mode": "managed",
      "type": "azurerm_mssql_database",
      "name": "sqdb",
      "provider": "provider[\"registry.terraform.io/hashicorp/azurerm\"]",
      "instances": [
        {
          "schema_version": 1,
          "attributes": {
            "auto_pause_delay_in_minutes": 0,
            "collation": "SQL_Latin1_General_CP1_CI_AS",
            "create_mode": "Default",
            "creation_source_database_id": null,
            "elastic_pool_id": "",
            "geo_backup_enabled": true,
            "id": "/subscriptions/7536f21c-9cd9-42a0-b69b-2074948f1cdb/resourceGroups/rg-falmada/providers/Microsoft.Sql/servers/ss-fernando-hs/databases/db-fernando-hs",
            "import": [],
            "ledger_enabled": false,
            "license_type": "LicenseIncluded",
            "long_term_retention_policy": [
              {
                "monthly_retention": "PT0S",
                "week_of_year": 1,
                "weekly_retention": "PT0S",
                "yearly_retention": "PT0S"
              }
            ],
            "maintenance_configuration_name": "SQL_Default",
            "max_size_gb": 0,
            "min_capacity": 0,
            "name": "db-fernando-hs",
            "read_replica_count": 0,
            "read_scale": false,
            "recover_database_id": null,
            "restore_dropped_database_id": null,
            "restore_point_in_time": null,
            "sample_name": null,
            "server_id": "/subscriptions/7536f21c-9cd9-42a0-b69b-2074948f1cdb/resourceGroups/rg-falmada/providers/Microsoft.Sql/servers/ss-fernando-hs",
            "short_term_retention_policy": [
              {
                "backup_interval_in_hours": 0,
                "retention_days": 7
              }
            ],
            "sku_name": "HS_Gen5_2",
            "storage_account_type": "Geo",
            "tags": {
              "BusinessCostCenter": "516-800-80182",
              "BusinessSponsor": "Digital Engineering - Michael Chow",
              "ExpiredBy": "2023-11-09T22:13:26.8073486Z",
              "GroupEmail": "Unknown",
              "ProductName": "Unknown",
              "ProjectLead": "Michael Chow",
              "ServiceName": "Unknown",
              "Uptime": "Unknown",
              "compliance": "Unknown",
              "environment": "sandbox"
            },
            "threat_detection_policy": [
              {
                "disabled_alerts": [],
                "email_account_admins": "Disabled",
                "email_addresses": [],
                "retention_days": 0,
                "state": "Disabled",
                "storage_account_access_key": "",
                "storage_endpoint": ""
              }
            ],
            "timeouts": null,
            "transparent_data_encryption_enabled": true,
            "zone_redundant": false
          },
          "sensitive_attributes": [],
          "private": "eyJlMmJmYjczMC1lY2FhLTExZTYtOGY4OC0zNDM2M2JjN2M0YzAiOnsiY3JlYXRlIjozNjAwMDAwMDAwMDAwLCJkZWxldGUiOjM2MDAwMDAwMDAwMDAsInJlYWQiOjMwMDAwMDAwMDAwMCwidXBkYXRlIjozNjAwMDAwMDAwMDAwfSwic2NoZW1hX3ZlcnNpb24iOiIxIn0=",
          "dependencies": [
            "azurerm_mssql_server.az_sq_svr",
            "data.azurerm_resource_group.rg"
          ]
        }
      ]
    },
    {
      "mode": "managed",
      "type": "azurerm_mssql_firewall_rule",
      "name": "sqlfw",
      "provider": "provider[\"registry.terraform.io/hashicorp/azurerm\"]",
      "instances": [
        {
          "schema_version": 0,
          "attributes": {
            "end_ip_address": "185.46.215.255",
            "id": "/subscriptions/7536f21c-9cd9-42a0-b69b-2074948f1cdb/resourceGroups/rg-falmada/providers/Microsoft.Sql/servers/ss-fernando-hs/firewallRules/zscaler1",
            "name": "zscaler1",
            "server_id": "/subscriptions/7536f21c-9cd9-42a0-b69b-2074948f1cdb/resourceGroups/rg-falmada/providers/Microsoft.Sql/servers/ss-fernando-hs",
            "start_ip_address": "185.46.212.0",
            "timeouts": null
          },
          "sensitive_attributes": [],
          "private": "eyJlMmJmYjczMC1lY2FhLTExZTYtOGY4OC0zNDM2M2JjN2M0YzAiOnsiY3JlYXRlIjoxODAwMDAwMDAwMDAwLCJkZWxldGUiOjE4MDAwMDAwMDAwMDAsInJlYWQiOjMwMDAwMDAwMDAwMCwidXBkYXRlIjoxODAwMDAwMDAwMDAwfX0=",
          "dependencies": [
            "azurerm_mssql_server.az_sq_svr",
            "data.azurerm_resource_group.rg"
          ]
        }
      ]
    },
    {
      "mode": "managed",
      "type": "azurerm_mssql_server",
      "name": "az_sq_svr",
      "provider": "provider[\"registry.terraform.io/hashicorp/azurerm\"]",
      "instances": [
        {
          "schema_version": 0,
          "attributes": {
            "administrator_login": "hyperscaledb",
            "administrator_login_password": "XVncNG.~%Rd#8W;[YA",
            "azuread_administrator": [],
            "connection_policy": "Default",
            "fully_qualified_domain_name": "ss-fernando-hs.database.windows.net",
            "id": "/subscriptions/7536f21c-9cd9-42a0-b69b-2074948f1cdb/resourceGroups/rg-falmada/providers/Microsoft.Sql/servers/ss-fernando-hs",
            "identity": [],
            "location": "westus",
            "minimum_tls_version": "1.2",
            "name": "ss-fernando-hs",
            "outbound_network_restriction_enabled": false,
            "primary_user_assigned_identity_id": "",
            "public_network_access_enabled": true,
            "resource_group_name": "rg-falmada",
            "restorable_dropped_database_ids": [],
            "tags": {
              "BusinessCostCenter": "516-800-80182",
              "BusinessSponsor": "Digital Engineering - Michael Chow",
              "Environment": "Sandbox",
              "ExpiredBy": "2023-11-09T22:13:23.8225090Z",
              "GroupEmail": "Unknown",
              "ProductName": "Unknown",
              "ProjectLead": "Michael Chow",
              "ServiceName": "Unknown",
              "Uptime": "Unknown",
              "compliance": "Unknown"
            },
            "timeouts": null,
            "transparent_data_encryption_key_vault_key_id": "",
            "version": "12.0"
          },
          "sensitive_attributes": [],
          "private": "eyJlMmJmYjczMC1lY2FhLTExZTYtOGY4OC0zNDM2M2JjN2M0YzAiOnsiY3JlYXRlIjozNjAwMDAwMDAwMDAwLCJkZWxldGUiOjM2MDAwMDAwMDAwMDAsInJlYWQiOjMwMDAwMDAwMDAwMCwidXBkYXRlIjozNjAwMDAwMDAwMDAwfX0=",
          "dependencies": [
            "data.azurerm_resource_group.rg"
          ]
        }
      ]
    }
  ],
  "check_results": null
}
